PODS:
  - AxeSync (0.1.0):
    - bls-signatures-pod (= 0.2.9)
    - secp256k1_axe (= 0.1.2.5)
  - bls-signatures-pod (0.2.9)
  - DSJSONSchemaValidation (2.0.5)
  - ios-app (0.0.3):
    - DSJSONSchemaValidation (= 2.0.5)
    - TinyCborObjc (= 0.3.0)
  - KVO-MVVM (0.5.1)
  - secp256k1_axe (0.1.2.5)
  - tinycbor (0.5.3-alpha2)
  - TinyCborObjc (0.3.0):
    - tinycbor (= 0.5.3-alpha2)

DEPENDENCIES:
  - AxeSync (from `../`)
  - ios-app (from `https://github.com/axerunners/ios-app.git`, commit `a79e671e11b09c0610224130bc58547da9bbd38d`, branch `master`)
  - KVO-MVVM (= 0.5.1)

SPEC REPOS:
  https://github.com/cocoapods/specs.git:
    - bls-signatures-pod
    - DSJSONSchemaValidation
    - KVO-MVVM
    - secp256k1_axe
    - tinycbor
    - TinyCborObjc

EXTERNAL SOURCES:
  AxeSync:
    :path: "../"
  ios-app:
    :branch: master
    :commit: a79e671e11b09c0610224130bc58547da9bbd38d
    :git: https://github.com/axerunners/ios-app.git

CHECKOUT OPTIONS:
  ios-app:
    :commit: 549b9ac9e024299107a695c2c52d3587626d2a02
    :git: https://github.com/axerunners/ios-app.git

SPEC CHECKSUMS:
  AxeSync: 834bfc5b07ca656b6218d6f556c327d0c24881c2
  bls-signatures-pod: 56adce76843f10f484ff996c33aee36cfd98ae5e
  DSJSONSchemaValidation: a0d791d3c8a4801cb3c72f3c8701342e2cb66f58
  ios-app: 572a0b780e3aabee5129668866f4bbeba4e600cf
  KVO-MVVM: 4df3afd1f7ebcb69735458b85db59c4271ada7c6
  secp256k1_axe: bd1dc10fc294f2f0e0704f8bea578eb9ea5916d0
  tinycbor: d2990189c8db918fbdb2936708642aeb55334dd5
  TinyCborObjc: b514d3e288b5d26c3c65c568ec97e375a6840a98

PODFILE CHECKSUM: 302814d94f295fa753ee153c58533b3982c8f2ef

COCOAPODS: 1.6.1
