PODS:
  - AFNetworking (3.2.1):
    - AFNetworking/NSURLSession (= 3.2.1)
    - AFNetworking/Reachability (= 3.2.1)
    - AFNetworking/Security (= 3.2.1)
    - AFNetworking/Serialization (= 3.2.1)
    - AFNetworking/UIKit (= 3.2.1)
  - AFNetworking/NSURLSession (3.2.1):
    - AFNetworking/Reachability
    - AFNetworking/Security
    - AFNetworking/Serialization
  - AFNetworking/Reachability (3.2.1)
  - AFNetworking/Security (3.2.1)
  - AFNetworking/Serialization (3.2.1)
  - AFNetworking/UIKit (3.2.1):
    - AFNetworking/NSURLSession
  - AxeSync (0.1.0):
    - AFNetworking (~> 3.0)
    - bls-signatures-pod (= 0.2.9)
    - secp256k1_axe (= 0.1.2.2)
  - bls-signatures-pod (0.2.9)
  - KVO-MVVM (0.5.1)
  - secp256k1_axe (0.1.2.2)

DEPENDENCIES:
  - AxeSync (from `../`)
  - KVO-MVVM (= 0.5.1)

SPEC REPOS:
  https://github.com/cocoapods/specs.git:
    - AFNetworking
    - bls-signatures-pod
    - KVO-MVVM
    - secp256k1_axe

EXTERNAL SOURCES:
  AxeSync:
    :path: "../"

SPEC CHECKSUMS:
  AFNetworking: b6f891fdfaed196b46c7a83cf209e09697b94057
  AxeSync: 96bb5c461b55359fe2855550bad6f1006402e300
  bls-signatures-pod: 56adce76843f10f484ff996c33aee36cfd98ae5e
  KVO-MVVM: 4df3afd1f7ebcb69735458b85db59c4271ada7c6
  secp256k1_axe: 0ba64d09bec2bd9a8355b0f6bd01a3844902ed94

PODFILE CHECKSUM: 6cc99188b1da0ed49dd217ea6d4546acc9cb0254

COCOAPODS: 1.5.3
